
Microsoft Visual Studio Solution File, Format Version 12.00
# Visual Studio Version 16
VisualStudioVersion = 16.0.29519.181
MinimumVisualStudioVersion = 10.0.40219.1
Project("{FAE04EC0-301F-11D3-BF4B-00C04F79EFBC}") = "BannerlordTweaks", "BannerlordTweaks.csproj", "{61E9A0FA-7DE1-43C0-9345-DEABE96593A0}"
EndProject
Project("{FAE04EC0-301F-11D3-BF4B-00C04F79EFBC}") = "ModLib", "ModLib\ModLib.csproj", "{002DC1E4-AEF3-4080-8E71-A8C23D05C0B7}"
EndProject
Global
	GlobalSection(SolutionConfigurationPlatforms) = preSolution
		Debug|Any CPU = Debug|Any CPU
		Release|Any CPU = Release|Any CPU
	EndGlobalSection
	GlobalSection(ProjectConfigurationPlatforms) = postSolution
		{61E9A0FA-7DE1-43C0-9345-DEABE96593A0}.Debug|Any CPU.ActiveCfg = Debug|Any CPU
		{61E9A0FA-7DE1-43C0-9345-DEABE96593A0}.Debug|Any CPU.Build.0 = Debug|Any CPU
		{61E9A0FA-7DE1-43C0-9345-DEABE96593A0}.Release|Any CPU.ActiveCfg = Release|Any CPU
		{61E9A0FA-7DE1-43C0-9345-DEABE96593A0}.Release|Any CPU.Build.0 = Release|Any CPU
		{002DC1E4-AEF3-4080-8E71-A8C23D05C0B7}.Debug|Any CPU.ActiveCfg = Debug|Any CPU
		{002DC1E4-AEF3-4080-8E71-A8C23D05C0B7}.Debug|Any CPU.Build.0 = Debug|Any CPU
		{002DC1E4-AEF3-4080-8E71-A8C23D05C0B7}.Release|Any CPU.ActiveCfg = Release|Any CPU
		{002DC1E4-AEF3-4080-8E71-A8C23D05C0B7}.Release|Any CPU.Build.0 = Release|Any CPU
	EndGlobalSection
	GlobalSection(SolutionProperties) = preSolution
		HideSolutionNode = FALSE
	EndGlobalSection
	GlobalSection(ExtensibilityGlobals) = postSolution
		SolutionGuid = {5E365D56-A749-42CD-9E21-8A2CFCC24CC9}
	EndGlobalSection
EndGlobal
